
Microsoft Visual Studio Solution File, Format Version 12.00
# Visual Studio 15
VisualStudioVersion = 15.0.28307.572
MinimumVisualStudioVersion = 10.0.40219.1
Project("{FAE04EC0-301F-11D3-BF4B-00C04F79EFBC}") = "Binary Search", "Binary Search\Binary Search.csproj", "{CC7B1D69-E77E-4622-A477-928F87138D05}"
EndProject
Global
	GlobalSection(SolutionConfigurationPlatforms) = preSolution
		Debug|Any CPU = Debug|Any CPU
		Release|Any CPU = Release|Any CPU
	EndGlobalSection
	GlobalSection(ProjectConfigurationPlatforms) = postSolution
		{CC7B1D69-E77E-4622-A477-928F87138D05}.Debug|Any CPU.ActiveCfg = Debug|Any CPU
		{CC7B1D69-E77E-4622-A477-928F87138D05}.Debug|Any CPU.Build.0 = Debug|Any CPU
		{CC7B1D69-E77E-4622-A477-928F87138D05}.Release|Any CPU.ActiveCfg = Release|Any CPU
		{CC7B1D69-E77E-4622-A477-928F87138D05}.Release|Any CPU.Build.0 = Release|Any CPU
	EndGlobalSection
	GlobalSection(SolutionProperties) = preSolution
		HideSolutionNode = FALSE
	EndGlobalSection
	GlobalSection(ExtensibilityGlobals) = postSolution
		SolutionGuid = {09C32A1F-A79D-4CFA-8B9E-A3C44A08F407}
	EndGlobalSection
EndGlobal
